// !$*UTF8*$!
{
	archiveVersion = 1;
	classes = {
	};
	objectVersion = 77;
	objects = {

/* Begin PBXBuildFile section */
		C97634912DF86A17007AD742 /* DeviceActivityReportExtension.appex in Embed ExtensionKit Extensions */ = {isa = PBXBuildFile; fileRef = C97634852DF86A17007AD742 /* DeviceActivityReportExtension.appex */; settings = {ATTRIBUTES = (RemoveHeadersOnCopy, ); }; };
/* End PBXBuildFile section */

/* Begin PBXContainerItemProxy section */
		C976348F2DF86A17007AD742 /* PBXContainerItemProxy */ = {
			isa = PBXContainerItemProxy;
			containerPortal = C9B527CA2DEB843400DE302C /* Project object */;
			proxyType = 1;
			remoteGlobalIDString = C97634842DF86A17007AD742;
			remoteInfo = DeviceActivityReportExtension;
		};
		C9B527E02DEB843600DE302C /* PBXContainerItemProxy */ = {
			isa = PBXContainerItemProxy;
			containerPortal = C9B527CA2DEB843400DE302C /* Project object */;
			proxyType = 1;
			remoteGlobalIDString = C9B527D12DEB843400DE302C;
			remoteInfo = lockinai;
		};
		C9B527EA2DEB843600DE302C /* PBXContainerItemProxy */ = {
			isa = PBXContainerItemProxy;
			containerPortal = C9B527CA2DEB843400DE302C /* Project object */;
			proxyType = 1;
			remoteGlobalIDString = C9B527D12DEB843400DE302C;
			remoteInfo = lockinai;
		};
/* End PBXContainerItemProxy section */

/* Begin PBXCopyFilesBuildPhase section */
		C97634962DF86A17007AD742 /* Embed ExtensionKit Extensions */ = {
			isa = PBXCopyFilesBuildPhase;
			buildActionMask = 2147483647;
			dstPath = "$(EXTENSIONS_FOLDER_PATH)";
			dstSubfolderSpec = 16;
			files = (
				C97634912DF86A17007AD742 /* DeviceActivityReportExtension.appex in Embed ExtensionKit Extensions */,
			);
			name = "Embed ExtensionKit Extensions";
			runOnlyForDeploymentPostprocessing = 0;
		};
/* End PBXCopyFilesBuildPhase section */

/* Begin PBXFileReference section */
		C96368022DF7CC7F0001D540 /* lockinai.xctestplan */ = {isa = PBXFileReference; lastKnownFileType = text; path = lockinai.xctestplan; sourceTree = "<group>"; };
		C97634852DF86A17007AD742 /* DeviceActivityReportExtension.appex */ = {isa = PBXFileReference; explicitFileType = "wrapper.extensionkit-extension"; includeInIndex = 0; path = DeviceActivityReportExtension.appex; sourceTree = BUILT_PRODUCTS_DIR; };
		C9B527D22DEB843400DE302C /* lockinai.app */ = {isa = PBXFileReference; explicitFileType = wrapper.application; includeInIndex = 0; path = lockinai.app; sourceTree = BUILT_PRODUCTS_DIR; };
		C9B527DF2DEB843600DE302C /* lockinaiTests.xctest */ = {isa = PBXFileReference; explicitFileType = wrapper.cfbundle; includeInIndex = 0; path = lockinaiTests.xctest; sourceTree = BUILT_PRODUCTS_DIR; };
		C9B527E92DEB843600DE302C /* lockinaiUITests.xctest */ = {isa = PBXFileReference; explicitFileType = wrapper.cfbundle; includeInIndex = 0; path = lockinaiUITests.xctest; sourceTree = BUILT_PRODUCTS_DIR; };
/* End PBXFileReference section */

/* Begin PBXFileSystemSynchronizedBuildFileExceptionSet section */
		C97634922DF86A17007AD742 /* Exceptions for "DeviceActivityReportExtension" folder in "DeviceActivityReportExtension" target */ = {
			isa = PBXFileSystemSynchronizedBuildFileExceptionSet;
			membershipExceptions = (
				Info.plist,
			);
			target = C97634842DF86A17007AD742 /* DeviceActivityReportExtension */;
		};
/* End PBXFileSystemSynchronizedBuildFileExceptionSet section */

/* Begin PBXFileSystemSynchronizedRootGroup section */
		C97634862DF86A17007AD742 /* DeviceActivityReportExtension */ = {
			isa = PBXFileSystemSynchronizedRootGroup;
			exceptions = (
				C97634922DF86A17007AD742 /* Exceptions for "DeviceActivityReportExtension" folder in "DeviceActivityReportExtension" target */,
			);
			path = DeviceActivityReportExtension;
			sourceTree = "<group>";
		};
		C9B527D42DEB843400DE302C /* lockinai */ = {
			isa = PBXFileSystemSynchronizedRootGroup;
			path = lockinai;
			sourceTree = "<group>";
		};
		C9B527E22DEB843600DE302C /* lockinaiTests */ = {
			isa = PBXFileSystemSynchronizedRootGroup;
			path = lockinaiTests;
			sourceTree = "<group>";
		};
		C9B527EC2DEB843600DE302C /* lockinaiUITests */ = {
			isa = PBXFileSystemSynchronizedRootGroup;
			path = lockinaiUITests;
			sourceTree = "<group>";
		};
/* End PBXFileSystemSynchronizedRootGroup section */

/* Begin PBXFrameworksBuildPhase section */
		C97634822DF86A17007AD742 /* Frameworks */ = {
			isa = PBXFrameworksBuildPhase;
			buildActionMask = 2147483647;
			files = (
			);
			runOnlyForDeploymentPostprocessing = 0;
		};
		C9B527CF2DEB843400DE302C /* Frameworks */ = {
			isa = PBXFrameworksBuildPhase;
			buildActionMask = 2147483647;
			files = (
			);
			runOnlyForDeploymentPostprocessing = 0;
		};
		C9B527DC2DEB843600DE302C /* Frameworks */ = {
			isa = PBXFrameworksBuildPhase;
			buildActionMask = 2147483647;
			files = (
			);
			runOnlyForDeploymentPostprocessing = 0;
		};
		C9B527E62DEB843600DE302C /* Frameworks */ = {
			isa = PBXFrameworksBuildPhase;
			buildActionMask = 2147483647;
			files = (
			);
			runOnlyForDeploymentPostprocessing = 0;
		};
/* End PBXFrameworksBuildPhase section */

/* Begin PBXGroup section */
		C9B527C92DEB843400DE302C = {
			isa = PBXGroup;
			children = (
				C96368022DF7CC7F0001D540 /* lockinai.xctestplan */,
				C9B527D42DEB843400DE302C /* lockinai */,
				C9B527E22DEB843600DE302C /* lockinaiTests */,
				C9B527EC2DEB843600DE302C /* lockinaiUITests */,
				C97634862DF86A17007AD742 /* DeviceActivityReportExtension */,
				C9B527D32DEB843400DE302C /* Products */,
			);
			sourceTree = "<group>";
		};
		C9B527D32DEB843400DE302C /* Products */ = {
			isa = PBXGroup;
			children = (
				C9B527D22DEB843400DE302C /* lockinai.app */,
				C9B527DF2DEB843600DE302C /* lockinaiTests.xctest */,
				C9B527E92DEB843600DE302C /* lockinaiUITests.xctest */,
				C97634852DF86A17007AD742 /* DeviceActivityReportExtension.appex */,
			);
			name = Products;
			sourceTree = "<group>";
		};
/* End PBXGroup section */

/* Begin PBXNativeTarget section */
		C97634842DF86A17007AD742 /* DeviceActivityReportExtension */ = {
			isa = PBXNativeTarget;
			buildConfigurationList = C97634932DF86A17007AD742 /* Build configuration list for PBXNativeTarget "DeviceActivityReportExtension" */;
			buildPhases = (
				C97634812DF86A17007AD742 /* Sources */,
				C97634822DF86A17007AD742 /* Frameworks */,
				C97634832DF86A17007AD742 /* Resources */,
			);
			buildRules = (
			);
			dependencies = (
			);
			fileSystemSynchronizedGroups = (
				C97634862DF86A17007AD742 /* DeviceActivityReportExtension */,
			);
			name = DeviceActivityReportExtension;
			packageProductDependencies = (
			);
			productName = DeviceActivityReportExtension;
			productReference = C97634852DF86A17007AD742 /* DeviceActivityReportExtension.appex */;
			productType = "com.apple.product-type.extensionkit-extension";
		};
		C9B527D12DEB843400DE302C /* lockinai */ = {
			isa = PBXNativeTarget;
			buildConfigurationList = C9B527F32DEB843600DE302C /* Build configuration list for PBXNativeTarget "lockinai" */;
			buildPhases = (
				C9B527CE2DEB843400DE302C /* Sources */,
				C9B527CF2DEB843400DE302C /* Frameworks */,
				C9B527D02DEB843400DE302C /* Resources */,
				C97634962DF86A17007AD742 /* Embed ExtensionKit Extensions */,
			);
			buildRules = (
			);
			dependencies = (
				C97634902DF86A17007AD742 /* PBXTargetDependency */,
			);
			fileSystemSynchronizedGroups = (
				C9B527D42DEB843400DE302C /* lockinai */,
			);
			name = lockinai;
			packageProductDependencies = (
			);
			productName = lockinai;
			productReference = C9B527D22DEB843400DE302C /* lockinai.app */;
			productType = "com.apple.product-type.application";
		};
		C9B527DE2DEB843600DE302C /* lockinaiTests */ = {
			isa = PBXNativeTarget;
			buildConfigurationList = C9B527F62DEB843600DE302C /* Build configuration list for PBXNativeTarget "lockinaiTests" */;
			buildPhases = (
				C9B527DB2DEB843600DE302C /* Sources */,
				C9B527DC2DEB843600DE302C /* Frameworks */,
				C9B527DD2DEB843600DE302C /* Resources */,
			);
			buildRules = (
			);
			dependencies = (
				C9B527E12DEB843600DE302C /* PBXTargetDependency */,
			);
			fileSystemSynchronizedGroups = (
				C9B527E22DEB843600DE302C /* lockinaiTests */,
			);
			name = lockinaiTests;
			packageProductDependencies = (
			);
			productName = lockinaiTests;
			productReference = C9B527DF2DEB843600DE302C /* lockinaiTests.xctest */;
			productType = "com.apple.product-type.bundle.unit-test";
		};
		C9B527E82DEB843600DE302C /* lockinaiUITests */ = {
			isa = PBXNativeTarget;
			buildConfigurationList = C9B527F92DEB843600DE302C /* Build configuration list for PBXNativeTarget "lockinaiUITests" */;
			buildPhases = (
				C9B527E52DEB843600DE302C /* Sources */,
				C9B527E62DEB843600DE302C /* Frameworks */,
				C9B527E72DEB843600DE302C /* Resources */,
			);
			buildRules = (
			);
			dependencies = (
				C9B527EB2DEB843600DE302C /* PBXTargetDependency */,
			);
			fileSystemSynchronizedGroups = (
				C9B527EC2DEB843600DE302C /* lockinaiUITests */,
			);
			name = lockinaiUITests;
			packageProductDependencies = (
			);
			productName = lockinaiUITests;
			productReference = C9B527E92DEB843600DE302C /* lockinaiUITests.xctest */;
			productType = "com.apple.product-type.bundle.ui-testing";
		};
/* End PBXNativeTarget section */

/* Begin PBXProject section */
		C9B527CA2DEB843400DE302C /* Project object */ = {
			isa = PBXProject;
			attributes = {
				BuildIndependentTargetsInParallel = 1;
				LastSwiftUpdateCheck = 1630;
				LastUpgradeCheck = 1630;
				TargetAttributes = {
					C97634842DF86A17007AD742 = {
						CreatedOnToolsVersion = 16.3;
					};
					C9B527D12DEB843400DE302C = {
						CreatedOnToolsVersion = 16.3;
					};
					C9B527DE2DEB843600DE302C = {
						CreatedOnToolsVersion = 16.3;
						TestTargetID = C9B527D12DEB843400DE302C;
					};
					C9B527E82DEB843600DE302C = {
						CreatedOnToolsVersion = 16.3;
						TestTargetID = C9B527D12DEB843400DE302C;
					};
				};
			};
			buildConfigurationList = C9B527CD2DEB843400DE302C /* Build configuration list for PBXProject "lockinai" */;
			developmentRegion = en;
			hasScannedForEncodings = 0;
			knownRegions = (
				en,
				Base,
			);
			mainGroup = C9B527C92DEB843400DE302C;
			minimizedProjectReferenceProxies = 1;
			preferredProjectObjectVersion = 77;
			productRefGroup = C9B527D32DEB843400DE302C /* Products */;
			projectDirPath = "";
			projectRoot = "";
			targets = (
				C9B527D12DEB843400DE302C /* lockinai */,
				C9B527DE2DEB843600DE302C /* lockinaiTests */,
				C9B527E82DEB843600DE302C /* lockinaiUITests */,
				C97634842DF86A17007AD742 /* DeviceActivityReportExtension */,
			);
		};
/* End PBXProject section */

/* Begin PBXResourcesBuildPhase section */
		C97634832DF86A17007AD742 /* Resources */ = {
			isa = PBXResourcesBuildPhase;
			buildActionMask = 2147483647;
			files = (
			);
			runOnlyForDeploymentPostprocessing = 0;
		};
		C9B527D02DEB843400DE302C /* Resources */ = {
			isa = PBXResourcesBuildPhase;
			buildActionMask = 2147483647;
			files = (
			);
			runOnlyForDeploymentPostprocessing = 0;
		};
		C9B527DD2DEB843600DE302C /* Resources */ = {
			isa = PBXResourcesBuildPhase;
			buildActionMask = 2147483647;
			files = (
			);
			runOnlyForDeploymentPostprocessing = 0;
		};
		C9B527E72DEB843600DE302C /* Resources */ = {
			isa = PBXResourcesBuildPhase;
			buildActionMask = 2147483647;
			files = (
			);
			runOnlyForDeploymentPostprocessing = 0;
		};
/* End PBXResourcesBuildPhase section */

/* Begin PBXSourcesBuildPhase section */
		C97634812DF86A17007AD742 /* Sources */ = {
			isa = PBXSourcesBuildPhase;
			buildActionMask = 2147483647;
			files = (
			);
			runOnlyForDeploymentPostprocessing = 0;
		};
		C9B527CE2DEB843400DE302C /* Sources */ = {
			isa = PBXSourcesBuildPhase;
			buildActionMask = 2147483647;
			files = (
			);
			runOnlyForDeploymentPostprocessing = 0;
		};
		C9B527DB2DEB843600DE302C /* Sources */ = {
			isa = PBXSourcesBuildPhase;
			buildActionMask = 2147483647;
			files = (
			);
			runOnlyForDeploymentPostprocessing = 0;
		};
		C9B527E52DEB843600DE302C /* Sources */ = {
			isa = PBXSourcesBuildPhase;
			buildActionMask = 2147483647;
			files = (
			);
			runOnlyForDeploymentPostprocessing = 0;
		};
/* End PBXSourcesBuildPhase section */

/* Begin PBXTargetDependency section */
		C97634902DF86A17007AD742 /* PBXTargetDependency */ = {
			isa = PBXTargetDependency;
			target = C97634842DF86A17007AD742 /* DeviceActivityReportExtension */;
			targetProxy = C976348F2DF86A17007AD742 /* PBXContainerItemProxy */;
		};
		C9B527E12DEB843600DE302C /* PBXTargetDependency */ = {
			isa = PBXTargetDependency;
			target = C9B527D12DEB843400DE302C /* lockinai */;
			targetProxy = C9B527E02DEB843600DE302C /* PBXContainerItemProxy */;
		};
		C9B527EB2DEB843600DE302C /* PBXTargetDependency */ = {
			isa = PBXTargetDependency;
			target = C9B527D12DEB843400DE302C /* lockinai */;
			targetProxy = C9B527EA2DEB843600DE302C /* PBXContainerItemProxy */;
		};
/* End PBXTargetDependency section */

/* Begin XCBuildConfiguration section */
		C97634942DF86A17007AD742 /* Debug */ = {
			isa = XCBuildConfiguration;
			buildSettings = {
				CODE_SIGN_ENTITLEMENTS = DeviceActivityReportExtension/DeviceActivityReportExtension.entitlements;
				CODE_SIGN_STYLE = Automatic;
				CURRENT_PROJECT_VERSION = 1;
				DEVELOPMENT_TEAM = 23576L9QRN;
				GENERATE_INFOPLIST_FILE = YES;
				INFOPLIST_FILE = DeviceActivityReportExtension/Info.plist;
				INFOPLIST_KEY_CFBundleDisplayName = DeviceActivityReportExtension;
				INFOPLIST_KEY_NSHumanReadableCopyright = "";
				LD_RUNPATH_SEARCH_PATHS = (
					"$(inherited)",
					"@executable_path/Frameworks",
					"@executable_path/../../Frameworks",
				);
				MARKETING_VERSION = 1.0;
				PRODUCT_BUNDLE_IDENTIFIER = com.savinajabbo.lockinai.DeviceActivityReportExtension;
				PRODUCT_NAME = "$(TARGET_NAME)";
				SKIP_INSTALL = YES;
				SWIFT_EMIT_LOC_STRINGS = YES;
				SWIFT_VERSION = 5.0;
				TARGETED_DEVICE_FAMILY = "1,2";
			};
			name = Debug;
		};
		C97634952DF86A17007AD742 /* Release */ = {
			isa = XCBuildConfiguration;
			buildSettings = {
				CODE_SIGN_ENTITLEMENTS = DeviceActivityReportExtension/DeviceActivityReportExtension.entitlements;
				CODE_SIGN_STYLE = Automatic;
				CURRENT_PROJECT_VERSION = 1;
				DEVELOPMENT_TEAM = 23576L9QRN;
				GENERATE_INFOPLIST_FILE = YES;
				INFOPLIST_FILE = DeviceActivityReportExtension/Info.plist;
				INFOPLIST_KEY_CFBundleDisplayName = DeviceActivityReportExtension;
				INFOPLIST_KEY_NSHumanReadableCopyright = "";
				LD_RUNPATH_SEARCH_PATHS = (
					"$(inherited)",
					"@executable_path/Frameworks",
					"@executable_path/../../Frameworks",
				);
				MARKETING_VERSION = 1.0;
				PRODUCT_BUNDLE_IDENTIFIER = com.savinajabbo.lockinai.DeviceActivityReportExtension;
				PRODUCT_NAME = "$(TARGET_NAME)";
				SKIP_INSTALL = YES;
				SWIFT_EMIT_LOC_STRINGS = YES;
				SWIFT_VERSION = 5.0;
				TARGETED_DEVICE_FAMILY = "1,2";
			};
			name = Release;
		};
		C9B527F12DEB843600DE302C /* Debug */ = {
			isa = XCBuildConfiguration;
			buildSettings = {
				ALWAYS_SEARCH_USER_PATHS = NO;
				ASSETCATALOG_COMPILER_GENERATE_SWIFT_ASSET_SYMBOL_EXTENSIONS = YES;
				CLANG_ANALYZER_NONNULL = YES;
				CLANG_ANALYZER_NUMBER_OBJECT_CONVERSION = YES_AGGRESSIVE;
				CLANG_CXX_LANGUAGE_STANDARD = "gnu++20";
				CLANG_ENABLE_MODULES = YES;
				CLANG_ENABLE_OBJC_ARC = YES;
				CLANG_ENABLE_OBJC_WEAK = YES;
				CLANG_WARN_BLOCK_CAPTURE_AUTORELEASING = YES;
				CLANG_WARN_BOOL_CONVERSION = YES;
				CLANG_WARN_COMMA = YES;
				CLANG_WARN_CONSTANT_CONVERSION = YES;
				CLANG_WARN_DEPRECATED_OBJC_IMPLEMENTATIONS = YES;
				CLANG_WARN_DIRECT_OBJC_ISA_USAGE = YES_ERROR;
				CLANG_WARN_DOCUMENTATION_COMMENTS = YES;
				CLANG_WARN_EMPTY_BODY = YES;
				CLANG_WARN_ENUM_CONVERSION = YES;
				CLANG_WARN_INFINITE_RECURSION = YES;
				CLANG_WARN_INT_CONVERSION = YES;
				CLANG_WARN_NON_LITERAL_NULL_CONVERSION = YES;
				CLANG_WARN_OBJC_IMPLICIT_RETAIN_SELF = YES;
				CLANG_WARN_OBJC_LITERAL_CONVERSION = YES;
				CLANG_WARN_OBJC_ROOT_CLASS = YES_ERROR;
				CLANG_WARN_QUOTED_INCLUDE_IN_FRAMEWORK_HEADER = YES;
				CLANG_WARN_RANGE_LOOP_ANALYSIS = YES;
				CLANG_WARN_STRICT_PROTOTYPES = YES;
				CLANG_WARN_SUSPICIOUS_MOVE = YES;
				CLANG_WARN_UNGUARDED_AVAILABILITY = YES_AGGRESSIVE;
				CLANG_WARN_UNREACHABLE_CODE = YES;
				CLANG_WARN__DUPLICATE_METHOD_MATCH = YES;
				COPY_PHASE_STRIP = NO;
				DEBUG_INFORMATION_FORMAT = dwarf;
				DEVELOPMENT_TEAM = 23576L9QRN;
				ENABLE_STRICT_OBJC_MSGSEND = YES;
				ENABLE_TESTABILITY = YES;
				ENABLE_USER_SCRIPT_SANDBOXING = YES;
				GCC_C_LANGUAGE_STANDARD = gnu17;
				GCC_DYNAMIC_NO_PIC = NO;
				GCC_NO_COMMON_BLOCKS = YES;
				GCC_OPTIMIZATION_LEVEL = 0;
				GCC_PREPROCESSOR_DEFINITIONS = (
					"DEBUG=1",
					"$(inherited)",
				);
				GCC_WARN_64_TO_32_BIT_CONVERSION = YES;
				GCC_WARN_ABOUT_RETURN_TYPE = YES_ERROR;
				GCC_WARN_UNDECLARED_SELECTOR = YES;
				GCC_WARN_UNINITIALIZED_AUTOS = YES_AGGRESSIVE;
				GCC_WARN_UNUSED_FUNCTION = YES;
				GCC_WARN_UNUSED_VARIABLE = YES;
				IPHONEOS_DEPLOYMENT_TARGET = 18.4;
				LOCALIZATION_PREFERS_STRING_CATALOGS = YES;
				MTL_ENABLE_DEBUG_INFO = INCLUDE_SOURCE;
				MTL_FAST_MATH = YES;
				ONLY_ACTIVE_ARCH = YES;
				SDKROOT = iphoneos;
				SWIFT_ACTIVE_COMPILATION_CONDITIONS = "DEBUG $(inherited)";
				SWIFT_OPTIMIZATION_LEVEL = "-Onone";
			};
			name = Debug;
		};
		C9B527F22DEB843600DE302C /* Release */ = {
			isa = XCBuildConfiguration;
			buildSettings = {
				ALWAYS_SEARCH_USER_PATHS = NO;
				ASSETCATALOG_COMPILER_GENERATE_SWIFT_ASSET_SYMBOL_EXTENSIONS = YES;
				CLANG_ANALYZER_NONNULL = YES;
				CLANG_ANALYZER_NUMBER_OBJECT_CONVERSION = YES_AGGRESSIVE;
				CLANG_CXX_LANGUAGE_STANDARD = "gnu++20";
				CLANG_ENABLE_MODULES = YES;
				CLANG_ENABLE_OBJC_ARC = YES;
				CLANG_ENABLE_OBJC_WEAK = YES;
				CLANG_WARN_BLOCK_CAPTURE_AUTORELEASING = YES;
				CLANG_WARN_BOOL_CONVERSION = YES;
				CLANG_WARN_COMMA = YES;
				CLANG_WARN_CONSTANT_CONVERSION = YES;
				CLANG_WARN_DEPRECATED_OBJC_IMPLEMENTATIONS = YES;
				CLANG_WARN_DIRECT_OBJC_ISA_USAGE = YES_ERROR;
				CLANG_WARN_DOCUMENTATION_COMMENTS = YES;
				CLANG_WARN_EMPTY_BODY = YES;
				CLANG_WARN_ENUM_CONVERSION = YES;
				CLANG_WARN_INFINITE_RECURSION = YES;
				CLANG_WARN_INT_CONVERSION = YES;
				CLANG_WARN_NON_LITERAL_NULL_CONVERSION = YES;
				CLANG_WARN_OBJC_IMPLICIT_RETAIN_SELF = YES;
				CLANG_WARN_OBJC_LITERAL_CONVERSION = YES;
				CLANG_WARN_OBJC_ROOT_CLASS = YES_ERROR;
				CLANG_WARN_QUOTED_INCLUDE_IN_FRAMEWORK_HEADER = YES;
				CLANG_WARN_RANGE_LOOP_ANALYSIS = YES;
				CLANG_WARN_STRICT_PROTOTYPES = YES;
				CLANG_WARN_SUSPICIOUS_MOVE = YES;
				CLANG_WARN_UNGUARDED_AVAILABILITY = YES_AGGRESSIVE;
				CLANG_WARN_UNREACHABLE_CODE = YES;
				CLANG_WARN__DUPLICATE_METHOD_MATCH = YES;
				COPY_PHASE_STRIP = NO;
				DEBUG_INFORMATION_FORMAT = "dwarf-with-dsym";
				DEVELOPMENT_TEAM = 23576L9QRN;
				ENABLE_NS_ASSERTIONS = NO;
				ENABLE_STRICT_OBJC_MSGSEND = YES;
				ENABLE_USER_SCRIPT_SANDBOXING = YES;
				GCC_C_LANGUAGE_STANDARD = gnu17;
				GCC_NO_COMMON_BLOCKS = YES;
				GCC_WARN_64_TO_32_BIT_CONVERSION = YES;
				GCC_WARN_ABOUT_RETURN_TYPE = YES_ERROR;
				GCC_WARN_UNDECLARED_SELECTOR = YES;
				GCC_WARN_UNINITIALIZED_AUTOS = YES_AGGRESSIVE;
				GCC_WARN_UNUSED_FUNCTION = YES;
				GCC_WARN_UNUSED_VARIABLE = YES;
				IPHONEOS_DEPLOYMENT_TARGET = 18.4;
				LOCALIZATION_PREFERS_STRING_CATALOGS = YES;
				MTL_ENABLE_DEBUG_INFO = NO;
				MTL_FAST_MATH = YES;
				SDKROOT = iphoneos;
				SWIFT_COMPILATION_MODE = wholemodule;
				VALIDATE_PRODUCT = YES;
			};
			name = Release;
		};
		C9B527F42DEB843600DE302C /* Debug */ = {
			isa = XCBuildConfiguration;
			buildSettings = {
				ASSETCATALOG_COMPILER_APPICON_NAME = AppIcon;
				ASSETCATALOG_COMPILER_GLOBAL_ACCENT_COLOR_NAME = AccentColor;
				CODE_SIGN_ENTITLEMENTS = lockinai/lockinai.entitlements;
				CODE_SIGN_IDENTITY = "Apple Development";
				CODE_SIGN_STYLE = Automatic;
				CURRENT_PROJECT_VERSION = 1;
				DEVELOPMENT_TEAM = 23576L9QRN;
				ENABLE_PREVIEWS = YES;
				GENERATE_INFOPLIST_FILE = YES;
				INFOPLIST_KEY_UIApplicationSceneManifest_Generation = YES;
				INFOPLIST_KEY_UIApplicationSupportsIndirectInputEvents = YES;
				INFOPLIST_KEY_UILaunchScreen_Generation = YES;
				INFOPLIST_KEY_UISupportedInterfaceOrientations_iPad = "UIInterfaceOrientationPortrait UIInterfaceOrientationPortraitUpsideDown UIInterfaceOrientationLandscapeLeft UIInterfaceOrientationLandscapeRight";
				INFOPLIST_KEY_UISupportedInterfaceOrientations_iPhone = "UIInterfaceOrientationPortrait UIInterfaceOrientationLandscapeLeft UIInterfaceOrientationLandscapeRight";
				LD_RUNPATH_SEARCH_PATHS = (
					"$(inherited)",
					"@executable_path/Frameworks",
				);
				MARKETING_VERSION = 1.0;
				PRODUCT_BUNDLE_IDENTIFIER = com.savinajabbo.lockinai;
				PRODUCT_NAME = "$(TARGET_NAME)";
				PROVISIONING_PROFILE_SPECIFIER = "";
				SWIFT_EMIT_LOC_STRINGS = YES;
				SWIFT_VERSION = 5.0;
				TARGETED_DEVICE_FAMILY = "1,2";
			};
			name = Debug;
		};
		C9B527F52DEB843600DE302C /* Release */ = {
			isa = XCBuildConfiguration;
			buildSettings = {
				ASSETCATALOG_COMPILER_APPICON_NAME = AppIcon;
				ASSETCATALOG_COMPILER_GLOBAL_ACCENT_COLOR_NAME = AccentColor;
				CODE_SIGN_ENTITLEMENTS = lockinai/lockinai.entitlements;
				CODE_SIGN_IDENTITY = "Apple Development";
				CODE_SIGN_STYLE = Automatic;
				CURRENT_PROJECT_VERSION = 1;
				DEVELOPMENT_TEAM = 23576L9QRN;
				ENABLE_PREVIEWS = YES;
				GENERATE_INFOPLIST_FILE = YES;
				INFOPLIST_KEY_UIApplicationSceneManifest_Generation = YES;
				INFOPLIST_KEY_UIApplicationSupportsIndirectInputEvents = YES;
				INFOPLIST_KEY_UILaunchScreen_Generation = YES;
				INFOPLIST_KEY_UISupportedInterfaceOrientations_iPad = "UIInterfaceOrientationPortrait UIInterfaceOrientationPortraitUpsideDown UIInterfaceOrientationLandscapeLeft UIInterfaceOrientationLandscapeRight";
				INFOPLIST_KEY_UISupportedInterfaceOrientations_iPhone = "UIInterfaceOrientationPortrait UIInterfaceOrientationLandscapeLeft UIInterfaceOrientationLandscapeRight";
				LD_RUNPATH_SEARCH_PATHS = (
					"$(inherited)",
					"@executable_path/Frameworks",
				);
				MARKETING_VERSION = 1.0;
				PRODUCT_BUNDLE_IDENTIFIER = com.savinajabbo.lockinai;
				PRODUCT_NAME = "$(TARGET_NAME)";
				PROVISIONING_PROFILE_SPECIFIER = "";
				SWIFT_EMIT_LOC_STRINGS = YES;
				SWIFT_VERSION = 5.0;
				TARGETED_DEVICE_FAMILY = "1,2";
			};
			name = Release;
		};
		C9B527F72DEB843600DE302C /* Debug */ = {
			isa = XCBuildConfiguration;
			buildSettings = {
				BUNDLE_LOADER = "$(TEST_HOST)";
				CODE_SIGN_STYLE = Automatic;
				CURRENT_PROJECT_VERSION = 1;
				DEVELOPMENT_TEAM = 23576L9QRN;
				GENERATE_INFOPLIST_FILE = YES;
				IPHONEOS_DEPLOYMENT_TARGET = 18.4;
				MARKETING_VERSION = 1.0;
				PRODUCT_BUNDLE_IDENTIFIER = com.savinajabbo.lockinaiTests;
				PRODUCT_NAME = "$(TARGET_NAME)";
				SWIFT_EMIT_LOC_STRINGS = NO;
				SWIFT_VERSION = 5.0;
				TARGETED_DEVICE_FAMILY = "1,2";
				TEST_HOST = "$(BUILT_PRODUCTS_DIR)/lockinai.app/$(BUNDLE_EXECUTABLE_FOLDER_PATH)/lockinai";
			};
			name = Debug;
		};
		C9B527F82DEB843600DE302C /* Release */ = {
			isa = XCBuildConfiguration;
			buildSettings = {
				BUNDLE_LOADER = "$(TEST_HOST)";
				CODE_SIGN_STYLE = Automatic;
				CURRENT_PROJECT_VERSION = 1;
				DEVELOPMENT_TEAM = 23576L9QRN;
				GENERATE_INFOPLIST_FILE = YES;
				IPHONEOS_DEPLOYMENT_TARGET = 18.4;
				MARKETING_VERSION = 1.0;
				PRODUCT_BUNDLE_IDENTIFIER = com.savinajabbo.lockinaiTests;
				PRODUCT_NAME = "$(TARGET_NAME)";
				SWIFT_EMIT_LOC_STRINGS = NO;
				SWIFT_VERSION = 5.0;
				TARGETED_DEVICE_FAMILY = "1,2";
				TEST_HOST = "$(BUILT_PRODUCTS_DIR)/lockinai.app/$(BUNDLE_EXECUTABLE_FOLDER_PATH)/lockinai";
			};
			name = Release;
		};
		C9B527FA2DEB843600DE302C /* Debug */ = {
			isa = XCBuildConfiguration;
			buildSettings = {
				CODE_SIGN_STYLE = Automatic;
				CURRENT_PROJECT_VERSION = 1;
				DEVELOPMENT_TEAM = 23576L9QRN;
				GENERATE_INFOPLIST_FILE = YES;
				MARKETING_VERSION = 1.0;
				PRODUCT_BUNDLE_IDENTIFIER = com.savinajabbo.lockinaiUITests;
				PRODUCT_NAME = "$(TARGET_NAME)";
				SWIFT_EMIT_LOC_STRINGS = NO;
				SWIFT_VERSION = 5.0;
				TARGETED_DEVICE_FAMILY = "1,2";
				TEST_TARGET_NAME = lockinai;
			};
			name = Debug;
		};
		C9B527FB2DEB843600DE302C /* Release */ = {
			isa = XCBuildConfiguration;
			buildSettings = {
				CODE_SIGN_STYLE = Automatic;
				CURRENT_PROJECT_VERSION = 1;
				DEVELOPMENT_TEAM = 23576L9QRN;
				GENERATE_INFOPLIST_FILE = YES;
				MARKETING_VERSION = 1.0;
				PRODUCT_BUNDLE_IDENTIFIER = com.savinajabbo.lockinaiUITests;
				PRODUCT_NAME = "$(TARGET_NAME)";
				SWIFT_EMIT_LOC_STRINGS = NO;
				SWIFT_VERSION = 5.0;
				TARGETED_DEVICE_FAMILY = "1,2";
				TEST_TARGET_NAME = lockinai;
			};
			name = Release;
		};
/* End XCBuildConfiguration section */

/* Begin XCConfigurationList section */
		C97634932DF86A17007AD742 /* Build configuration list for PBXNativeTarget "DeviceActivityReportExtension" */ = {
			isa = XCConfigurationList;
			buildConfigurations = (
				C97634942DF86A17007AD742 /* Debug */,
				C97634952DF86A17007AD742 /* Release */,
			);
			defaultConfigurationIsVisible = 0;
			defaultConfigurationName = Release;
		};
		C9B527CD2DEB843400DE302C /* Build configuration list for PBXProject "lockinai" */ = {
			isa = XCConfigurationList;
			buildConfigurations = (
				C9B527F12DEB843600DE302C /* Debug */,
				C9B527F22DEB843600DE302C /* Release */,
			);
			defaultConfigurationIsVisible = 0;
			defaultConfigurationName = Release;
		};
		C9B527F32DEB843600DE302C /* Build configuration list for PBXNativeTarget "lockinai" */ = {
			isa = XCConfigurationList;
			buildConfigurations = (
				C9B527F42DEB843600DE302C /* Debug */,
				C9B527F52DEB843600DE302C /* Release */,
			);
			defaultConfigurationIsVisible = 0;
			defaultConfigurationName = Release;
		};
		C9B527F62DEB843600DE302C /* Build configuration list for PBXNativeTarget "lockinaiTests" */ = {
			isa = XCConfigurationList;
			buildConfigurations = (
				C9B527F72DEB843600DE302C /* Debug */,
				C9B527F82DEB843600DE302C /* Release */,
			);
			defaultConfigurationIsVisible = 0;
			defaultConfigurationName = Release;
		};
		C9B527F92DEB843600DE302C /* Build configuration list for PBXNativeTarget "lockinaiUITests" */ = {
			isa = XCConfigurationList;
			buildConfigurations = (
				C9B527FA2DEB843600DE302C /* Debug */,
				C9B527FB2DEB843600DE302C /* Release */,
			);
			defaultConfigurationIsVisible = 0;
			defaultConfigurationName = Release;
		};
/* End XCConfigurationList section */
	};
	rootObject = C9B527CA2DEB843400DE302C /* Project object */;
}
